
Microsoft Visual Studio Solution File, Format Version 12.00
# Visual Studio Version 17
VisualStudioVersion = 17.5.002.0
MinimumVisualStudioVersion = 10.0.40219.1
Project("{9A19103F-16F7-4668-BE54-9A1E7A4F7556}") = "GerenciadorFrotas", "GerenciadorFrotas.csproj", "{B7009CCC-8AA2-41D6-ABFE-A8DFBE375CD2}"
EndProject
Global
	GlobalSection(SolutionConfigurationPlatforms) = preSolution
		Debug|Any CPU = Debug|Any CPU
		Release|Any CPU = Release|Any CPU
	EndGlobalSection
	GlobalSection(ProjectConfigurationPlatforms) = postSolution
		{B7009CCC-8AA2-41D6-ABFE-A8DFBE375CD2}.Debug|Any CPU.ActiveCfg = Debug|Any CPU
		{B7009CCC-8AA2-41D6-ABFE-A8DFBE375CD2}.Debug|Any CPU.Build.0 = Debug|Any CPU
		{B7009CCC-8AA2-41D6-ABFE-A8DFBE375CD2}.Release|Any CPU.ActiveCfg = Release|Any CPU
		{B7009CCC-8AA2-41D6-ABFE-A8DFBE375CD2}.Release|Any CPU.Build.0 = Release|Any CPU
	EndGlobalSection
	GlobalSection(SolutionProperties) = preSolution
		HideSolutionNode = FALSE
	EndGlobalSection
	GlobalSection(ExtensibilityGlobals) = postSolution
		SolutionGuid = {F7A90B47-F7C5-4B1B-87BE-EFCADB9ED984}
	EndGlobalSection
EndGlobal
